// !$*UTF8*$!
{
	archiveVersion = 1;
	classes = {
	};
	objectVersion = 50;
	objects = {

/* Begin PBXBuildFile section */
		B78DCEA823B5D59800F09CB0 /* MessageUI.framework in Frameworks */ = {isa = PBXBuildFile; fileRef = F389C32823A6F43000EC6551 /* MessageUI.framework */; };
		E6115457239A2899005AAA2C /* AppDelegate.swift in Sources */ = {isa = PBXBuildFile; fileRef = E6115456239A2899005AAA2C /* AppDelegate.swift */; };
		E6115459239A2899005AAA2C /* SceneDelegate.swift in Sources */ = {isa = PBXBuildFile; fileRef = E6115458239A2899005AAA2C /* SceneDelegate.swift */; };
		E611545B239A2899005AAA2C /* WebViewController.swift in Sources */ = {isa = PBXBuildFile; fileRef = E611545A239A2899005AAA2C /* WebViewController.swift */; };
		E611545E239A2899005AAA2C /* Main.storyboard in Resources */ = {isa = PBXBuildFile; fileRef = E611545C239A2899005AAA2C /* Main.storyboard */; };
		E6115460239A289A005AAA2C /* Assets.xcassets in Resources */ = {isa = PBXBuildFile; fileRef = E611545F239A289A005AAA2C /* Assets.xcassets */; };
		E6115463239A289A005AAA2C /* LaunchScreen.storyboard in Resources */ = {isa = PBXBuildFile; fileRef = E6115461239A289A005AAA2C /* LaunchScreen.storyboard */; };
		E611546E239A289A005AAA2C /* _2519_project_appTests.swift in Sources */ = {isa = PBXBuildFile; fileRef = E611546D239A289A005AAA2C /* _2519_project_appTests.swift */; };
		E6115479239A289A005AAA2C /* _2519_project_appUITests.swift in Sources */ = {isa = PBXBuildFile; fileRef = E6115478239A289A005AAA2C /* _2519_project_appUITests.swift */; };
		E67932DB239C61AF006AD0A1 /* ChildEducationCenters.swift in Sources */ = {isa = PBXBuildFile; fileRef = E67932DA239C61AF006AD0A1 /* ChildEducationCenters.swift */; };
		E67932DD239C64E0006AD0A1 /* CentersTableViewController.swift in Sources */ = {isa = PBXBuildFile; fileRef = E67932DC239C64E0006AD0A1 /* CentersTableViewController.swift */; };
		E67932DF239C71E0006AD0A1 /* CenterTableViewCell.swift in Sources */ = {isa = PBXBuildFile; fileRef = E67932DE239C71E0006AD0A1 /* CenterTableViewCell.swift */; };
		E67932E1239C7A05006AD0A1 /* MapViewController.swift in Sources */ = {isa = PBXBuildFile; fileRef = E67932E0239C7A05006AD0A1 /* MapViewController.swift */; };
		F30A2A9923A6EE41003CD46C /* ContactUsViewController.swift in Sources */ = {isa = PBXBuildFile; fileRef = F30A2A9823A6EE41003CD46C /* ContactUsViewController.swift */; };
		F30D104823A5FABA00DD3F92 /* SettingsSection.swift in Sources */ = {isa = PBXBuildFile; fileRef = F30D104723A5FABA00DD3F92 /* SettingsSection.swift */; };
		F30D104A23A5FAC700DD3F92 /* SettingsCell.swift in Sources */ = {isa = PBXBuildFile; fileRef = F30D104923A5FAC700DD3F92 /* SettingsCell.swift */; };
		F30D104C23A5FAD100DD3F92 /* UserInfoHeader.swift in Sources */ = {isa = PBXBuildFile; fileRef = F30D104B23A5FAD100DD3F92 /* UserInfoHeader.swift */; };
		F35487D223A4D369004605EB /* AppDelegate.swift in Sources */ = {isa = PBXBuildFile; fileRef = E6115456239A2899005AAA2C /* AppDelegate.swift */; };
		F35487D323A4D36A004605EB /* AppDelegate.swift in Sources */ = {isa = PBXBuildFile; fileRef = E6115456239A2899005AAA2C /* AppDelegate.swift */; };
		F35487D423A4D469004605EB /* SceneDelegate.swift in Sources */ = {isa = PBXBuildFile; fileRef = E6115458239A2899005AAA2C /* SceneDelegate.swift */; };
		F35487D523A4D46A004605EB /* SceneDelegate.swift in Sources */ = {isa = PBXBuildFile; fileRef = E6115458239A2899005AAA2C /* SceneDelegate.swift */; };
		F37A451C23A601AF0019545B /* DashboardTableViewController.swift in Sources */ = {isa = PBXBuildFile; fileRef = F37A451B23A601AF0019545B /* DashboardTableViewController.swift */; };
		F37A451E23A612440019545B /* EditProfileViewController.swift in Sources */ = {isa = PBXBuildFile; fileRef = F37A451D23A612440019545B /* EditProfileViewController.swift */; };
/* End PBXBuildFile section */

/* Begin PBXContainerItemProxy section */
		E611546A239A289A005AAA2C /* PBXContainerItemProxy */ = {
			isa = PBXContainerItemProxy;
			containerPortal = E611544B239A2899005AAA2C /* Project object */;
			proxyType = 1;
			remoteGlobalIDString = E6115452239A2899005AAA2C;
			remoteInfo = "12519-project-app";
		};
		E6115475239A289A005AAA2C /* PBXContainerItemProxy */ = {
			isa = PBXContainerItemProxy;
			containerPortal = E611544B239A2899005AAA2C /* Project object */;
			proxyType = 1;
			remoteGlobalIDString = E6115452239A2899005AAA2C;
			remoteInfo = "12519-project-app";
		};
/* End PBXContainerItemProxy section */

/* Begin PBXFileReference section */
		E6115453239A2899005AAA2C /* Auptimistic.app */ = {isa = PBXFileReference; explicitFileType = wrapper.application; includeInIndex = 0; path = Auptimistic.app; sourceTree = BUILT_PRODUCTS_DIR; };
		E6115456239A2899005AAA2C /* AppDelegate.swift */ = {isa = PBXFileReference; lastKnownFileType = sourcecode.swift; path = AppDelegate.swift; sourceTree = "<group>"; };
		E6115458239A2899005AAA2C /* SceneDelegate.swift */ = {isa = PBXFileReference; lastKnownFileType = sourcecode.swift; path = SceneDelegate.swift; sourceTree = "<group>"; };
		E611545A239A2899005AAA2C /* WebViewController.swift */ = {isa = PBXFileReference; lastKnownFileType = sourcecode.swift; path = WebViewController.swift; sourceTree = "<group>"; };
		E611545D239A2899005AAA2C /* Base */ = {isa = PBXFileReference; lastKnownFileType = file.storyboard; name = Base; path = Base.lproj/Main.storyboard; sourceTree = "<group>"; };
		E611545F239A289A005AAA2C /* Assets.xcassets */ = {isa = PBXFileReference; lastKnownFileType = folder.assetcatalog; path = Assets.xcassets; sourceTree = "<group>"; };
		E6115462239A289A005AAA2C /* Base */ = {isa = PBXFileReference; lastKnownFileType = file.storyboard; name = Base; path = Base.lproj/LaunchScreen.storyboard; sourceTree = "<group>"; };
		E6115464239A289A005AAA2C /* Info.plist */ = {isa = PBXFileReference; lastKnownFileType = text.plist.xml; path = Info.plist; sourceTree = "<group>"; };
		E6115469239A289A005AAA2C /* AuptimisticTests.xctest */ = {isa = PBXFileReference; explicitFileType = wrapper.cfbundle; includeInIndex = 0; path = AuptimisticTests.xctest; sourceTree = BUILT_PRODUCTS_DIR; };
		E611546D239A289A005AAA2C /* _2519_project_appTests.swift */ = {isa = PBXFileReference; lastKnownFileType = sourcecode.swift; path = _2519_project_appTests.swift; sourceTree = "<group>"; };
		E611546F239A289A005AAA2C /* Info.plist */ = {isa = PBXFileReference; lastKnownFileType = text.plist.xml; path = Info.plist; sourceTree = "<group>"; };
		E6115474239A289A005AAA2C /* AuptimisticUITests.xctest */ = {isa = PBXFileReference; explicitFileType = wrapper.cfbundle; includeInIndex = 0; path = AuptimisticUITests.xctest; sourceTree = BUILT_PRODUCTS_DIR; };
		E6115478239A289A005AAA2C /* _2519_project_appUITests.swift */ = {isa = PBXFileReference; lastKnownFileType = sourcecode.swift; path = _2519_project_appUITests.swift; sourceTree = "<group>"; };
		E611547A239A289A005AAA2C /* Info.plist */ = {isa = PBXFileReference; lastKnownFileType = text.plist.xml; path = Info.plist; sourceTree = "<group>"; };
		E67932DA239C61AF006AD0A1 /* ChildEducationCenters.swift */ = {isa = PBXFileReference; lastKnownFileType = sourcecode.swift; path = ChildEducationCenters.swift; sourceTree = "<group>"; };
		E67932DC239C64E0006AD0A1 /* CentersTableViewController.swift */ = {isa = PBXFileReference; lastKnownFileType = sourcecode.swift; path = CentersTableViewController.swift; sourceTree = "<group>"; };
		E67932DE239C71E0006AD0A1 /* CenterTableViewCell.swift */ = {isa = PBXFileReference; lastKnownFileType = sourcecode.swift; path = CenterTableViewCell.swift; sourceTree = "<group>"; };
		E67932E0239C7A05006AD0A1 /* MapViewController.swift */ = {isa = PBXFileReference; lastKnownFileType = sourcecode.swift; path = MapViewController.swift; sourceTree = "<group>"; };
		F30A2A9823A6EE41003CD46C /* ContactUsViewController.swift */ = {isa = PBXFileReference; lastKnownFileType = sourcecode.swift; path = ContactUsViewController.swift; sourceTree = "<group>"; };
		F30D104723A5FABA00DD3F92 /* SettingsSection.swift */ = {isa = PBXFileReference; fileEncoding = 4; lastKnownFileType = sourcecode.swift; path = SettingsSection.swift; sourceTree = "<group>"; };
		F30D104923A5FAC700DD3F92 /* SettingsCell.swift */ = {isa = PBXFileReference; fileEncoding = 4; lastKnownFileType = sourcecode.swift; path = SettingsCell.swift; sourceTree = "<group>"; };
		F30D104B23A5FAD100DD3F92 /* UserInfoHeader.swift */ = {isa = PBXFileReference; fileEncoding = 4; lastKnownFileType = sourcecode.swift; path = UserInfoHeader.swift; sourceTree = "<group>"; };
		F37A451B23A601AF0019545B /* DashboardTableViewController.swift */ = {isa = PBXFileReference; lastKnownFileType = sourcecode.swift; path = DashboardTableViewController.swift; sourceTree = "<group>"; };
		F37A451D23A612440019545B /* EditProfileViewController.swift */ = {isa = PBXFileReference; lastKnownFileType = sourcecode.swift; path = EditProfileViewController.swift; sourceTree = "<group>"; };
		F389C32823A6F43000EC6551 /* MessageUI.framework */ = {isa = PBXFileReference; lastKnownFileType = wrapper.framework; name = MessageUI.framework; path = System/Library/Frameworks/MessageUI.framework; sourceTree = SDKROOT; };
/* End PBXFileReference section */

/* Begin PBXFrameworksBuildPhase section */
		E6115450239A2899005AAA2C /* Frameworks */ = {
			isa = PBXFrameworksBuildPhase;
			buildActionMask = 2147483647;
			files = (
				B78DCEA823B5D59800F09CB0 /* MessageUI.framework in Frameworks */,
			);
			runOnlyForDeploymentPostprocessing = 0;
		};
		E6115466239A289A005AAA2C /* Frameworks */ = {
			isa = PBXFrameworksBuildPhase;
			buildActionMask = 2147483647;
			files = (
			);
			runOnlyForDeploymentPostprocessing = 0;
		};
		E6115471239A289A005AAA2C /* Frameworks */ = {
			isa = PBXFrameworksBuildPhase;
			buildActionMask = 2147483647;
			files = (
			);
			runOnlyForDeploymentPostprocessing = 0;
		};
/* End PBXFrameworksBuildPhase section */

/* Begin PBXGroup section */
		E611544A239A2899005AAA2C = {
			isa = PBXGroup;
			children = (
				E6115455239A2899005AAA2C /* 12519-project-app */,
				E611546C239A289A005AAA2C /* 12519-project-appTests */,
				E6115477239A289A005AAA2C /* 12519-project-appUITests */,
				E6115454239A2899005AAA2C /* Products */,
				F33B119F23A782B600920E57 /* Delegates */,
				F30D104623A5FAA200DD3F92 /* Dashboard */,
				F389C32723A6F42F00EC6551 /* Frameworks */,
			);
			sourceTree = "<group>";
		};
		E6115454239A2899005AAA2C /* Products */ = {
			isa = PBXGroup;
			children = (
				E6115453239A2899005AAA2C /* Auptimistic.app */,
				E6115469239A289A005AAA2C /* AuptimisticTests.xctest */,
				E6115474239A289A005AAA2C /* AuptimisticUITests.xctest */,
			);
			name = Products;
			sourceTree = "<group>";
		};
		E6115455239A2899005AAA2C /* 12519-project-app */ = {
			isa = PBXGroup;
			children = (
				E67932DA239C61AF006AD0A1 /* ChildEducationCenters.swift */,
				E67932DE239C71E0006AD0A1 /* CenterTableViewCell.swift */,
				E67932DC239C64E0006AD0A1 /* CentersTableViewController.swift */,
				E611545A239A2899005AAA2C /* WebViewController.swift */,
				E67932E0239C7A05006AD0A1 /* MapViewController.swift */,
				F37A451B23A601AF0019545B /* DashboardTableViewController.swift */,
				F30A2A9823A6EE41003CD46C /* ContactUsViewController.swift */,
				F37A451D23A612440019545B /* EditProfileViewController.swift */,
				E611545F239A289A005AAA2C /* Assets.xcassets */,
				E611545C239A2899005AAA2C /* Main.storyboard */,
				E6115461239A289A005AAA2C /* LaunchScreen.storyboard */,
				E6115464239A289A005AAA2C /* Info.plist */,
			);
			path = "12519-project-app";
			sourceTree = "<group>";
		};
		E611546C239A289A005AAA2C /* 12519-project-appTests */ = {
			isa = PBXGroup;
			children = (
				E611546D239A289A005AAA2C /* _2519_project_appTests.swift */,
				E611546F239A289A005AAA2C /* Info.plist */,
			);
			path = "12519-project-appTests";
			sourceTree = "<group>";
		};
		E6115477239A289A005AAA2C /* 12519-project-appUITests */ = {
			isa = PBXGroup;
			children = (
				E6115478239A289A005AAA2C /* _2519_project_appUITests.swift */,
				E611547A239A289A005AAA2C /* Info.plist */,
			);
			path = "12519-project-appUITests";
			sourceTree = "<group>";
		};
		F30D104623A5FAA200DD3F92 /* Dashboard */ = {
			isa = PBXGroup;
			children = (
				F30D104B23A5FAD100DD3F92 /* UserInfoHeader.swift */,
				F30D104923A5FAC700DD3F92 /* SettingsCell.swift */,
				F30D104723A5FABA00DD3F92 /* SettingsSection.swift */,
			);
			path = Dashboard;
			sourceTree = "<group>";
		};
		F33B119F23A782B600920E57 /* Delegates */ = {
			isa = PBXGroup;
			children = (
				E6115456239A2899005AAA2C /* AppDelegate.swift */,
				E6115458239A2899005AAA2C /* SceneDelegate.swift */,
			);
			path = Delegates;
			sourceTree = "<group>";
		};
		F389C32723A6F42F00EC6551 /* Frameworks */ = {
			isa = PBXGroup;
			children = (
				F389C32823A6F43000EC6551 /* MessageUI.framework */,
			);
			name = Frameworks;
			sourceTree = "<group>";
		};
/* End PBXGroup section */

/* Begin PBXNativeTarget section */
		E6115452239A2899005AAA2C /* Auptimistic */ = {
			isa = PBXNativeTarget;
			buildConfigurationList = E611547D239A289A005AAA2C /* Build configuration list for PBXNativeTarget "Auptimistic" */;
			buildPhases = (
				E611544F239A2899005AAA2C /* Sources */,
				E6115450239A2899005AAA2C /* Frameworks */,
				E6115451239A2899005AAA2C /* Resources */,
			);
			buildRules = (
			);
			dependencies = (
			);
			name = Auptimistic;
			productName = "12519-project-app";
			productReference = E6115453239A2899005AAA2C /* Auptimistic.app */;
			productType = "com.apple.product-type.application";
		};
		E6115468239A289A005AAA2C /* AuptimisticTests */ = {
			isa = PBXNativeTarget;
			buildConfigurationList = E6115480239A289A005AAA2C /* Build configuration list for PBXNativeTarget "AuptimisticTests" */;
			buildPhases = (
				E6115465239A289A005AAA2C /* Sources */,
				E6115466239A289A005AAA2C /* Frameworks */,
				E6115467239A289A005AAA2C /* Resources */,
			);
			buildRules = (
			);
			dependencies = (
				E611546B239A289A005AAA2C /* PBXTargetDependency */,
			);
			name = AuptimisticTests;
			productName = "12519-project-appTests";
			productReference = E6115469239A289A005AAA2C /* AuptimisticTests.xctest */;
			productType = "com.apple.product-type.bundle.unit-test";
		};
		E6115473239A289A005AAA2C /* AuptimisticUITests */ = {
			isa = PBXNativeTarget;
			buildConfigurationList = E6115483239A289A005AAA2C /* Build configuration list for PBXNativeTarget "AuptimisticUITests" */;
			buildPhases = (
				E6115470239A289A005AAA2C /* Sources */,
				E6115471239A289A005AAA2C /* Frameworks */,
				E6115472239A289A005AAA2C /* Resources */,
			);
			buildRules = (
			);
			dependencies = (
				E6115476239A289A005AAA2C /* PBXTargetDependency */,
			);
			name = AuptimisticUITests;
			productName = "12519-project-appUITests";
			productReference = E6115474239A289A005AAA2C /* AuptimisticUITests.xctest */;
			productType = "com.apple.product-type.bundle.ui-testing";
		};
/* End PBXNativeTarget section */

/* Begin PBXProject section */
		E611544B239A2899005AAA2C /* Project object */ = {
			isa = PBXProject;
			attributes = {
				LastSwiftUpdateCheck = 1120;
				LastUpgradeCheck = 1120;
				ORGANIZATIONNAME = MW;
				TargetAttributes = {
					E6115452239A2899005AAA2C = {
						CreatedOnToolsVersion = 11.2.1;
					};
					E6115468239A289A005AAA2C = {
						CreatedOnToolsVersion = 11.2.1;
						TestTargetID = E6115452239A2899005AAA2C;
					};
					E6115473239A289A005AAA2C = {
						CreatedOnToolsVersion = 11.2.1;
						TestTargetID = E6115452239A2899005AAA2C;
					};
				};
			};
			buildConfigurationList = E611544E239A2899005AAA2C /* Build configuration list for PBXProject "Auptimistic" */;
			compatibilityVersion = "Xcode 9.3";
			developmentRegion = en;
			hasScannedForEncodings = 0;
			knownRegions = (
				en,
				Base,
			);
			mainGroup = E611544A239A2899005AAA2C;
			productRefGroup = E6115454239A2899005AAA2C /* Products */;
			projectDirPath = "";
			projectRoot = "";
			targets = (
				E6115452239A2899005AAA2C /* Auptimistic */,
				E6115468239A289A005AAA2C /* AuptimisticTests */,
				E6115473239A289A005AAA2C /* AuptimisticUITests */,
			);
		};
/* End PBXProject section */

/* Begin PBXResourcesBuildPhase section */
		E6115451239A2899005AAA2C /* Resources */ = {
			isa = PBXResourcesBuildPhase;
			buildActionMask = 2147483647;
			files = (
				E6115463239A289A005AAA2C /* LaunchScreen.storyboard in Resources */,
				E6115460239A289A005AAA2C /* Assets.xcassets in Resources */,
				E611545E239A2899005AAA2C /* Main.storyboard in Resources */,
			);
			runOnlyForDeploymentPostprocessing = 0;
		};
		E6115467239A289A005AAA2C /* Resources */ = {
			isa = PBXResourcesBuildPhase;
			buildActionMask = 2147483647;
			files = (
			);
			runOnlyForDeploymentPostprocessing = 0;
		};
		E6115472239A289A005AAA2C /* Resources */ = {
			isa = PBXResourcesBuildPhase;
			buildActionMask = 2147483647;
			files = (
			);
			runOnlyForDeploymentPostprocessing = 0;
		};
/* End PBXResourcesBuildPhase section */

/* Begin PBXSourcesBuildPhase section */
		E611544F239A2899005AAA2C /* Sources */ = {
			isa = PBXSourcesBuildPhase;
			buildActionMask = 2147483647;
			files = (
				E611545B239A2899005AAA2C /* WebViewController.swift in Sources */,
				E6115457239A2899005AAA2C /* AppDelegate.swift in Sources */,
				E67932DF239C71E0006AD0A1 /* CenterTableViewCell.swift in Sources */,
				F30D104C23A5FAD100DD3F92 /* UserInfoHeader.swift in Sources */,
				E67932DB239C61AF006AD0A1 /* ChildEducationCenters.swift in Sources */,
				F30D104A23A5FAC700DD3F92 /* SettingsCell.swift in Sources */,
				E67932DD239C64E0006AD0A1 /* CentersTableViewController.swift in Sources */,
				F30A2A9923A6EE41003CD46C /* ContactUsViewController.swift in Sources */,
				F37A451C23A601AF0019545B /* DashboardTableViewController.swift in Sources */,
				F37A451E23A612440019545B /* EditProfileViewController.swift in Sources */,
				F30D104823A5FABA00DD3F92 /* SettingsSection.swift in Sources */,
				E6115459239A2899005AAA2C /* SceneDelegate.swift in Sources */,
				E67932E1239C7A05006AD0A1 /* MapViewController.swift in Sources */,
			);
			runOnlyForDeploymentPostprocessing = 0;
		};
		E6115465239A289A005AAA2C /* Sources */ = {
			isa = PBXSourcesBuildPhase;
			buildActionMask = 2147483647;
			files = (
				F35487D223A4D369004605EB /* AppDelegate.swift in Sources */,
				E611546E239A289A005AAA2C /* _2519_project_appTests.swift in Sources */,
				F35487D423A4D469004605EB /* SceneDelegate.swift in Sources */,
			);
			runOnlyForDeploymentPostprocessing = 0;
		};
		E6115470239A289A005AAA2C /* Sources */ = {
			isa = PBXSourcesBuildPhase;
			buildActionMask = 2147483647;
			files = (
				F35487D323A4D36A004605EB /* AppDelegate.swift in Sources */,
				E6115479239A289A005AAA2C /* _2519_project_appUITests.swift in Sources */,
				F35487D523A4D46A004605EB /* SceneDelegate.swift in Sources */,
			);
			runOnlyForDeploymentPostprocessing = 0;
		};
/* End PBXSourcesBuildPhase section */

/* Begin PBXTargetDependency section */
		E611546B239A289A005AAA2C /* PBXTargetDependency */ = {
			isa = PBXTargetDependency;
			target = E6115452239A2899005AAA2C /* Auptimistic */;
			targetProxy = E611546A239A289A005AAA2C /* PBXContainerItemProxy */;
		};
		E6115476239A289A005AAA2C /* PBXTargetDependency */ = {
			isa = PBXTargetDependency;
			target = E6115452239A2899005AAA2C /* Auptimistic */;
			targetProxy = E6115475239A289A005AAA2C /* PBXContainerItemProxy */;
		};
/* End PBXTargetDependency section */

/* Begin PBXVariantGroup section */
		E611545C239A2899005AAA2C /* Main.storyboard */ = {
			isa = PBXVariantGroup;
			children = (
				E611545D239A2899005AAA2C /* Base */,
			);
			name = Main.storyboard;
			sourceTree = "<group>";
		};
		E6115461239A289A005AAA2C /* LaunchScreen.storyboard */ = {
			isa = PBXVariantGroup;
			children = (
				E6115462239A289A005AAA2C /* Base */,
			);
			name = LaunchScreen.storyboard;
			sourceTree = "<group>";
		};
/* End PBXVariantGroup section */

/* Begin XCBuildConfiguration section */
		E611547B239A289A005AAA2C /* Debug */ = {
			isa = XCBuildConfiguration;
			buildSettings = {
				ALWAYS_SEARCH_USER_PATHS = NO;
				CLANG_ANALYZER_NONNULL = YES;
				CLANG_ANALYZER_NUMBER_OBJECT_CONVERSION = YES_AGGRESSIVE;
				CLANG_CXX_LANGUAGE_STANDARD = "gnu++14";
				CLANG_CXX_LIBRARY = "libc++";
				CLANG_ENABLE_MODULES = YES;
				CLANG_ENABLE_OBJC_ARC = YES;
				CLANG_ENABLE_OBJC_WEAK = YES;
				CLANG_WARN_BLOCK_CAPTURE_AUTORELEASING = YES;
				CLANG_WARN_BOOL_CONVERSION = YES;
				CLANG_WARN_COMMA = YES;
				CLANG_WARN_CONSTANT_CONVERSION = YES;
				CLANG_WARN_DEPRECATED_OBJC_IMPLEMENTATIONS = YES;
				CLANG_WARN_DIRECT_OBJC_ISA_USAGE = YES_ERROR;
				CLANG_WARN_DOCUMENTATION_COMMENTS = YES;
				CLANG_WARN_EMPTY_BODY = YES;
				CLANG_WARN_ENUM_CONVERSION = YES;
				CLANG_WARN_INFINITE_RECURSION = YES;
				CLANG_WARN_INT_CONVERSION = YES;
				CLANG_WARN_NON_LITERAL_NULL_CONVERSION = YES;
				CLANG_WARN_OBJC_IMPLICIT_RETAIN_SELF = YES;
				CLANG_WARN_OBJC_LITERAL_CONVERSION = YES;
				CLANG_WARN_OBJC_ROOT_CLASS = YES_ERROR;
				CLANG_WARN_RANGE_LOOP_ANALYSIS = YES;
				CLANG_WARN_STRICT_PROTOTYPES = YES;
				CLANG_WARN_SUSPICIOUS_MOVE = YES;
				CLANG_WARN_UNGUARDED_AVAILABILITY = YES_AGGRESSIVE;
				CLANG_WARN_UNREACHABLE_CODE = YES;
				CLANG_WARN__DUPLICATE_METHOD_MATCH = YES;
				COPY_PHASE_STRIP = NO;
				DEBUG_INFORMATION_FORMAT = dwarf;
				ENABLE_STRICT_OBJC_MSGSEND = YES;
				ENABLE_TESTABILITY = YES;
				GCC_C_LANGUAGE_STANDARD = gnu11;
				GCC_DYNAMIC_NO_PIC = NO;
				GCC_NO_COMMON_BLOCKS = YES;
				GCC_OPTIMIZATION_LEVEL = 0;
				GCC_PREPROCESSOR_DEFINITIONS = (
					"DEBUG=1",
					"$(inherited)",
				);
				GCC_WARN_64_TO_32_BIT_CONVERSION = YES;
				GCC_WARN_ABOUT_RETURN_TYPE = YES_ERROR;
				GCC_WARN_UNDECLARED_SELECTOR = YES;
				GCC_WARN_UNINITIALIZED_AUTOS = YES_AGGRESSIVE;
				GCC_WARN_UNUSED_FUNCTION = YES;
				GCC_WARN_UNUSED_VARIABLE = YES;
				IPHONEOS_DEPLOYMENT_TARGET = 13.2;
				MTL_ENABLE_DEBUG_INFO = INCLUDE_SOURCE;
				MTL_FAST_MATH = YES;
				ONLY_ACTIVE_ARCH = YES;
				SDKROOT = iphoneos;
				SWIFT_ACTIVE_COMPILATION_CONDITIONS = DEBUG;
				SWIFT_OPTIMIZATION_LEVEL = "-Onone";
			};
			name = Debug;
		};
		E611547C239A289A005AAA2C /* Release */ = {
			isa = XCBuildConfiguration;
			buildSettings = {
				ALWAYS_SEARCH_USER_PATHS = NO;
				CLANG_ANALYZER_NONNULL = YES;
				CLANG_ANALYZER_NUMBER_OBJECT_CONVERSION = YES_AGGRESSIVE;
				CLANG_CXX_LANGUAGE_STANDARD = "gnu++14";
				CLANG_CXX_LIBRARY = "libc++";
				CLANG_ENABLE_MODULES = YES;
				CLANG_ENABLE_OBJC_ARC = YES;
				CLANG_ENABLE_OBJC_WEAK = YES;
				CLANG_WARN_BLOCK_CAPTURE_AUTORELEASING = YES;
				CLANG_WARN_BOOL_CONVERSION = YES;
				CLANG_WARN_COMMA = YES;
				CLANG_WARN_CONSTANT_CONVERSION = YES;
				CLANG_WARN_DEPRECATED_OBJC_IMPLEMENTATIONS = YES;
				CLANG_WARN_DIRECT_OBJC_ISA_USAGE = YES_ERROR;
				CLANG_WARN_DOCUMENTATION_COMMENTS = YES;
				CLANG_WARN_EMPTY_BODY = YES;
				CLANG_WARN_ENUM_CONVERSION = YES;
				CLANG_WARN_INFINITE_RECURSION = YES;
				CLANG_WARN_INT_CONVERSION = YES;
				CLANG_WARN_NON_LITERAL_NULL_CONVERSION = YES;
				CLANG_WARN_OBJC_IMPLICIT_RETAIN_SELF = YES;
				CLANG_WARN_OBJC_LITERAL_CONVERSION = YES;
				CLANG_WARN_OBJC_ROOT_CLASS = YES_ERROR;
				CLANG_WARN_RANGE_LOOP_ANALYSIS = YES;
				CLANG_WARN_STRICT_PROTOTYPES = YES;
				CLANG_WARN_SUSPICIOUS_MOVE = YES;
				CLANG_WARN_UNGUARDED_AVAILABILITY = YES_AGGRESSIVE;
				CLANG_WARN_UNREACHABLE_CODE = YES;
				CLANG_WARN__DUPLICATE_METHOD_MATCH = YES;
				COPY_PHASE_STRIP = NO;
				DEBUG_INFORMATION_FORMAT = "dwarf-with-dsym";
				ENABLE_NS_ASSERTIONS = NO;
				ENABLE_STRICT_OBJC_MSGSEND = YES;
				GCC_C_LANGUAGE_STANDARD = gnu11;
				GCC_NO_COMMON_BLOCKS = YES;
				GCC_WARN_64_TO_32_BIT_CONVERSION = YES;
				GCC_WARN_ABOUT_RETURN_TYPE = YES_ERROR;
				GCC_WARN_UNDECLARED_SELECTOR = YES;
				GCC_WARN_UNINITIALIZED_AUTOS = YES_AGGRESSIVE;
				GCC_WARN_UNUSED_FUNCTION = YES;
				GCC_WARN_UNUSED_VARIABLE = YES;
				IPHONEOS_DEPLOYMENT_TARGET = 13.2;
				MTL_ENABLE_DEBUG_INFO = NO;
				MTL_FAST_MATH = YES;
				SDKROOT = iphoneos;
				SWIFT_COMPILATION_MODE = wholemodule;
				SWIFT_OPTIMIZATION_LEVEL = "-O";
				VALIDATE_PRODUCT = YES;
			};
			name = Release;
		};
		E611547E239A289A005AAA2C /* Debug */ = {
			isa = XCBuildConfiguration;
			buildSettings = {
				ASSETCATALOG_COMPILER_APPICON_NAME = AppIcon;
				CODE_SIGN_STYLE = Automatic;
				DEVELOPMENT_TEAM = 55F5H5J7FS;
				INFOPLIST_FILE = "12519-project-app/Info.plist";
				IPHONEOS_DEPLOYMENT_TARGET = 13.0;
				LD_RUNPATH_SEARCH_PATHS = (
					"$(inherited)",
					"@executable_path/Frameworks",
				);
				PRODUCT_BUNDLE_IDENTIFIER = "MW.-2519-project-app";
				PRODUCT_NAME = "$(TARGET_NAME)";
				SWIFT_VERSION = 5.0;
				TARGETED_DEVICE_FAMILY = "1,2";
			};
			name = Debug;
		};
		E611547F239A289A005AAA2C /* Release */ = {
			isa = XCBuildConfiguration;
			buildSettings = {
				ASSETCATALOG_COMPILER_APPICON_NAME = AppIcon;
				CODE_SIGN_STYLE = Automatic;
				DEVELOPMENT_TEAM = 55F5H5J7FS;
				INFOPLIST_FILE = "12519-project-app/Info.plist";
				IPHONEOS_DEPLOYMENT_TARGET = 13.0;
				LD_RUNPATH_SEARCH_PATHS = (
					"$(inherited)",
					"@executable_path/Frameworks",
				);
				PRODUCT_BUNDLE_IDENTIFIER = "MW.-2519-project-app";
				PRODUCT_NAME = "$(TARGET_NAME)";
				SWIFT_VERSION = 5.0;
				TARGETED_DEVICE_FAMILY = "1,2";
			};
			name = Release;
		};
		E6115481239A289A005AAA2C /* Debug */ = {
			isa = XCBuildConfiguration;
			buildSettings = {
				ALWAYS_EMBED_SWIFT_STANDARD_LIBRARIES = YES;
				BUNDLE_LOADER = "$(TEST_HOST)";
				CODE_SIGN_STYLE = Automatic;
				INFOPLIST_FILE = "12519-project-appTests/Info.plist";
				IPHONEOS_DEPLOYMENT_TARGET = 13.2;
				LD_RUNPATH_SEARCH_PATHS = (
					"$(inherited)",
					"@executable_path/Frameworks",
					"@loader_path/Frameworks",
				);
				PRODUCT_BUNDLE_IDENTIFIER = "MW.-2519-project-appTests";
				PRODUCT_NAME = "$(TARGET_NAME)";
				SWIFT_VERSION = 5.0;
				TARGETED_DEVICE_FAMILY = "1,2";
				TEST_HOST = "$(BUILT_PRODUCTS_DIR)/Auptimistic.app/Auptimistic";
			};
			name = Debug;
		};
		E6115482239A289A005AAA2C /* Release */ = {
			isa = XCBuildConfiguration;
			buildSettings = {
				ALWAYS_EMBED_SWIFT_STANDARD_LIBRARIES = YES;
				BUNDLE_LOADER = "$(TEST_HOST)";
				CODE_SIGN_STYLE = Automatic;
				INFOPLIST_FILE = "12519-project-appTests/Info.plist";
				IPHONEOS_DEPLOYMENT_TARGET = 13.2;
				LD_RUNPATH_SEARCH_PATHS = (
					"$(inherited)",
					"@executable_path/Frameworks",
					"@loader_path/Frameworks",
				);
				PRODUCT_BUNDLE_IDENTIFIER = "MW.-2519-project-appTests";
				PRODUCT_NAME = "$(TARGET_NAME)";
				SWIFT_VERSION = 5.0;
				TARGETED_DEVICE_FAMILY = "1,2";
				TEST_HOST = "$(BUILT_PRODUCTS_DIR)/Auptimistic.app/Auptimistic";
			};
			name = Release;
		};
		E6115484239A289A005AAA2C /* Debug */ = {
			isa = XCBuildConfiguration;
			buildSettings = {
				ALWAYS_EMBED_SWIFT_STANDARD_LIBRARIES = YES;
				CODE_SIGN_STYLE = Automatic;
				INFOPLIST_FILE = "12519-project-appUITests/Info.plist";
				LD_RUNPATH_SEARCH_PATHS = (
					"$(inherited)",
					"@executable_path/Frameworks",
					"@loader_path/Frameworks",
				);
				PRODUCT_BUNDLE_IDENTIFIER = "MW.-2519-project-appUITests";
				PRODUCT_NAME = "$(TARGET_NAME)";
				SWIFT_VERSION = 5.0;
				TARGETED_DEVICE_FAMILY = "1,2";
				TEST_TARGET_NAME = "12519-project-app";
			};
			name = Debug;
		};
		E6115485239A289A005AAA2C /* Release */ = {
			isa = XCBuildConfiguration;
			buildSettings = {
				ALWAYS_EMBED_SWIFT_STANDARD_LIBRARIES = YES;
				CODE_SIGN_STYLE = Automatic;
				INFOPLIST_FILE = "12519-project-appUITests/Info.plist";
				LD_RUNPATH_SEARCH_PATHS = (
					"$(inherited)",
					"@executable_path/Frameworks",
					"@loader_path/Frameworks",
				);
				PRODUCT_BUNDLE_IDENTIFIER = "MW.-2519-project-appUITests";
				PRODUCT_NAME = "$(TARGET_NAME)";
				SWIFT_VERSION = 5.0;
				TARGETED_DEVICE_FAMILY = "1,2";
				TEST_TARGET_NAME = "12519-project-app";
			};
			name = Release;
		};
/* End XCBuildConfiguration section */

/* Begin XCConfigurationList section */
		E611544E239A2899005AAA2C /* Build configuration list for PBXProject "Auptimistic" */ = {
			isa = XCConfigurationList;
			buildConfigurations = (
				E611547B239A289A005AAA2C /* Debug */,
				E611547C239A289A005AAA2C /* Release */,
			);
			defaultConfigurationIsVisible = 0;
			defaultConfigurationName = Release;
		};
		E611547D239A289A005AAA2C /* Build configuration list for PBXNativeTarget "Auptimistic" */ = {
			isa = XCConfigurationList;
			buildConfigurations = (
				E611547E239A289A005AAA2C /* Debug */,
				E611547F239A289A005AAA2C /* Release */,
			);
			defaultConfigurationIsVisible = 0;
			defaultConfigurationName = Release;
		};
		E6115480239A289A005AAA2C /* Build configuration list for PBXNativeTarget "AuptimisticTests" */ = {
			isa = XCConfigurationList;
			buildConfigurations = (
				E6115481239A289A005AAA2C /* Debug */,
				E6115482239A289A005AAA2C /* Release */,
			);
			defaultConfigurationIsVisible = 0;
			defaultConfigurationName = Release;
		};
		E6115483239A289A005AAA2C /* Build configuration list for PBXNativeTarget "AuptimisticUITests" */ = {
			isa = XCConfigurationList;
			buildConfigurations = (
				E6115484239A289A005AAA2C /* Debug */,
				E6115485239A289A005AAA2C /* Release */,
			);
			defaultConfigurationIsVisible = 0;
			defaultConfigurationName = Release;
		};
/* End XCConfigurationList section */
	};
	rootObject = E611544B239A2899005AAA2C /* Project object */;
}
